
Microsoft Visual Studio Solution File, Format Version 12.00
# Visual Studio Version 16
VisualStudioVersion = 16.0.31515.178
MinimumVisualStudioVersion = 10.0.40219.1
Project("{FAE04EC0-301F-11D3-BF4B-00C04F79EFBC}") = "EmployeeRecord", "EmployeeRecord.csproj", "{CC158165-7C36-4488-A084-63EF0C43B484}"
EndProject
Global
	GlobalSection(SolutionConfigurationPlatforms) = preSolution
		Debug|Any CPU = Debug|Any CPU
		Release|Any CPU = Release|Any CPU
	EndGlobalSection
	GlobalSection(ProjectConfigurationPlatforms) = postSolution
		{CC158165-7C36-4488-A084-63EF0C43B484}.Debug|Any CPU.ActiveCfg = Debug|Any CPU
		{CC158165-7C36-4488-A084-63EF0C43B484}.Debug|Any CPU.Build.0 = Debug|Any CPU
		{CC158165-7C36-4488-A084-63EF0C43B484}.Release|Any CPU.ActiveCfg = Release|Any CPU
		{CC158165-7C36-4488-A084-63EF0C43B484}.Release|Any CPU.Build.0 = Release|Any CPU
	EndGlobalSection
	GlobalSection(SolutionProperties) = preSolution
		HideSolutionNode = FALSE
	EndGlobalSection
	GlobalSection(ExtensibilityGlobals) = postSolution
		SolutionGuid = {2F7D43CE-7632-4CF1-B3E4-3D3C39885969}
	EndGlobalSection
EndGlobal
